
Microsoft Visual Studio Solution File, Format Version 12.00
# Visual Studio Version 17
VisualStudioVersion = 17.14.36811.4 d17.14
MinimumVisualStudioVersion = 10.0.40219.1
Project("{FAE04EC0-301F-11D3-BF4B-00C04F79EFBC}") = "User Inheritance", "User Inheritance\User Inheritance.csproj", "{5CB64807-7C26-4F83-9D4F-38D5CA917033}"
EndProject
Global
	GlobalSection(SolutionConfigurationPlatforms) = preSolution
		Debug|Any CPU = Debug|Any CPU
		Release|Any CPU = Release|Any CPU
	EndGlobalSection
	GlobalSection(ProjectConfigurationPlatforms) = postSolution
		{5CB64807-7C26-4F83-9D4F-38D5CA917033}.Debug|Any CPU.ActiveCfg = Debug|Any CPU
		{5CB64807-7C26-4F83-9D4F-38D5CA917033}.Debug|Any CPU.Build.0 = Debug|Any CPU
		{5CB64807-7C26-4F83-9D4F-38D5CA917033}.Release|Any CPU.ActiveCfg = Release|Any CPU
		{5CB64807-7C26-4F83-9D4F-38D5CA917033}.Release|Any CPU.Build.0 = Release|Any CPU
	EndGlobalSection
	GlobalSection(SolutionProperties) = preSolution
		HideSolutionNode = FALSE
	EndGlobalSection
	GlobalSection(ExtensibilityGlobals) = postSolution
		SolutionGuid = {49DE76DA-C341-4781-9CA4-5BDF181ECB81}
	EndGlobalSection
EndGlobal
