
Microsoft Visual Studio Solution File, Format Version 12.00
# Visual Studio Version 17
VisualStudioVersion = 17.14.36811.4 d17.14
MinimumVisualStudioVersion = 10.0.40219.1
Project("{FAE04EC0-301F-11D3-BF4B-00C04F79EFBC}") = "Product Inventory Management", "Product Inventory Management\Product Inventory Management.csproj", "{3AD9CF04-CC28-4752-89BC-D88992D46828}"
EndProject
Global
	GlobalSection(SolutionConfigurationPlatforms) = preSolution
		Debug|Any CPU = Debug|Any CPU
		Release|Any CPU = Release|Any CPU
	EndGlobalSection
	GlobalSection(ProjectConfigurationPlatforms) = postSolution
		{3AD9CF04-CC28-4752-89BC-D88992D46828}.Debug|Any CPU.ActiveCfg = Debug|Any CPU
		{3AD9CF04-CC28-4752-89BC-D88992D46828}.Debug|Any CPU.Build.0 = Debug|Any CPU
		{3AD9CF04-CC28-4752-89BC-D88992D46828}.Release|Any CPU.ActiveCfg = Release|Any CPU
		{3AD9CF04-CC28-4752-89BC-D88992D46828}.Release|Any CPU.Build.0 = Release|Any CPU
	EndGlobalSection
	GlobalSection(SolutionProperties) = preSolution
		HideSolutionNode = FALSE
	EndGlobalSection
	GlobalSection(ExtensibilityGlobals) = postSolution
		SolutionGuid = {9068FE84-2A07-4C4D-8D6C-1B57C2B9E15E}
	EndGlobalSection
EndGlobal
