
Microsoft Visual Studio Solution File, Format Version 12.00
# Visual Studio Version 17
VisualStudioVersion = 17.14.36811.4 d17.14
MinimumVisualStudioVersion = 10.0.40219.1
Project("{FAE04EC0-301F-11D3-BF4B-00C04F79EFBC}") = "EmployeeProjectManagement", "EmployeeProjectManagement.csproj", "{630AAFD3-A88A-4E15-8B0E-6AB360F60819}"
EndProject
Global
	GlobalSection(SolutionConfigurationPlatforms) = preSolution
		Debug|Any CPU = Debug|Any CPU
		Release|Any CPU = Release|Any CPU
	EndGlobalSection
	GlobalSection(ProjectConfigurationPlatforms) = postSolution
		{630AAFD3-A88A-4E15-8B0E-6AB360F60819}.Debug|Any CPU.ActiveCfg = Debug|Any CPU
		{630AAFD3-A88A-4E15-8B0E-6AB360F60819}.Debug|Any CPU.Build.0 = Debug|Any CPU
		{630AAFD3-A88A-4E15-8B0E-6AB360F60819}.Release|Any CPU.ActiveCfg = Release|Any CPU
		{630AAFD3-A88A-4E15-8B0E-6AB360F60819}.Release|Any CPU.Build.0 = Release|Any CPU
	EndGlobalSection
	GlobalSection(SolutionProperties) = preSolution
		HideSolutionNode = FALSE
	EndGlobalSection
	GlobalSection(ExtensibilityGlobals) = postSolution
		SolutionGuid = {1BDB9935-FB3A-4037-AA96-5274BC8CB2AD}
	EndGlobalSection
EndGlobal
